
Microsoft Visual Studio Solution File, Format Version 12.00
# Visual Studio Version 17
VisualStudioVersion = 17.5.33627.172
MinimumVisualStudioVersion = 10.0.40219.1
Project("{FAE04EC0-301F-11D3-BF4B-00C04F79EFBC}") = "Geometria", "Geometria\Geometria.csproj", "{0372A282-B674-4325-BD89-84AAADB5F193}"
EndProject
Project("{FAE04EC0-301F-11D3-BF4B-00C04F79EFBC}") = "Programa", "Programa\Programa.csproj", "{BF03E4D2-64B6-4F91-8905-2A5285F33F20}"
EndProject
Global
	GlobalSection(SolutionConfigurationPlatforms) = preSolution
		Debug|Any CPU = Debug|Any CPU
		Release|Any CPU = Release|Any CPU
	EndGlobalSection
	GlobalSection(ProjectConfigurationPlatforms) = postSolution
		{0372A282-B674-4325-BD89-84AAADB5F193}.Debug|Any CPU.ActiveCfg = Debug|Any CPU
		{0372A282-B674-4325-BD89-84AAADB5F193}.Debug|Any CPU.Build.0 = Debug|Any CPU
		{0372A282-B674-4325-BD89-84AAADB5F193}.Release|Any CPU.ActiveCfg = Release|Any CPU
		{0372A282-B674-4325-BD89-84AAADB5F193}.Release|Any CPU.Build.0 = Release|Any CPU
		{BF03E4D2-64B6-4F91-8905-2A5285F33F20}.Debug|Any CPU.ActiveCfg = Debug|Any CPU
		{BF03E4D2-64B6-4F91-8905-2A5285F33F20}.Debug|Any CPU.Build.0 = Debug|Any CPU
		{BF03E4D2-64B6-4F91-8905-2A5285F33F20}.Release|Any CPU.ActiveCfg = Release|Any CPU
		{BF03E4D2-64B6-4F91-8905-2A5285F33F20}.Release|Any CPU.Build.0 = Release|Any CPU
	EndGlobalSection
	GlobalSection(SolutionProperties) = preSolution
		HideSolutionNode = FALSE
	EndGlobalSection
	GlobalSection(ExtensibilityGlobals) = postSolution
		SolutionGuid = {5417EFD8-062B-4A4B-98B0-27AA40151323}
	EndGlobalSection
EndGlobal
