
Microsoft Visual Studio Solution File, Format Version 12.00
# Visual Studio Version 17
VisualStudioVersion = 17.6.33723.286
MinimumVisualStudioVersion = 10.0.40219.1
Project("{9A19103F-16F7-4668-BE54-9A1E7A4F7556}") = "LabGrilla", "LabGrilla\LabGrilla.csproj", "{6862B472-CA3E-4E3A-9779-2DB345C692BE}"
EndProject
Project("{FAE04EC0-301F-11D3-BF4B-00C04F79EFBC}") = "Negocio", "Negocio\Negocio.csproj", "{9F1D1219-3359-4F50-A55F-DC9797248BF2}"
EndProject
Global
	GlobalSection(SolutionConfigurationPlatforms) = preSolution
		Debug|Any CPU = Debug|Any CPU
		Release|Any CPU = Release|Any CPU
	EndGlobalSection
	GlobalSection(ProjectConfigurationPlatforms) = postSolution
		{6862B472-CA3E-4E3A-9779-2DB345C692BE}.Debug|Any CPU.ActiveCfg = Debug|Any CPU
		{6862B472-CA3E-4E3A-9779-2DB345C692BE}.Debug|Any CPU.Build.0 = Debug|Any CPU
		{6862B472-CA3E-4E3A-9779-2DB345C692BE}.Release|Any CPU.ActiveCfg = Release|Any CPU
		{6862B472-CA3E-4E3A-9779-2DB345C692BE}.Release|Any CPU.Build.0 = Release|Any CPU
		{9F1D1219-3359-4F50-A55F-DC9797248BF2}.Debug|Any CPU.ActiveCfg = Debug|Any CPU
		{9F1D1219-3359-4F50-A55F-DC9797248BF2}.Debug|Any CPU.Build.0 = Debug|Any CPU
		{9F1D1219-3359-4F50-A55F-DC9797248BF2}.Release|Any CPU.ActiveCfg = Release|Any CPU
		{9F1D1219-3359-4F50-A55F-DC9797248BF2}.Release|Any CPU.Build.0 = Release|Any CPU
	EndGlobalSection
	GlobalSection(SolutionProperties) = preSolution
		HideSolutionNode = FALSE
	EndGlobalSection
	GlobalSection(ExtensibilityGlobals) = postSolution
		SolutionGuid = {ECF05B4C-73A5-4EE5-B94D-A6144B896696}
	EndGlobalSection
EndGlobal
