
Microsoft Visual Studio Solution File, Format Version 12.00
# Visual Studio Version 17
VisualStudioVersion = 17.7.34031.279
MinimumVisualStudioVersion = 10.0.40219.1
Project("{9A19103F-16F7-4668-BE54-9A1E7A4F7556}") = "ClienteServicios", "ClienteServicios.csproj", "{38C6EBD5-909F-42EA-BF9B-20FB52BE9A85}"
EndProject
Project("{9A19103F-16F7-4668-BE54-9A1E7A4F7556}") = "Entidades", "..\Entidades\Entidades.csproj", "{635CE470-6179-4B43-B62E-9F0397EF6D4F}"
EndProject
Project("{9A19103F-16F7-4668-BE54-9A1E7A4F7556}") = "Negocio", "..\Negocio\Negocio.csproj", "{6E6757F7-E748-4C41-86E0-4AEABEAAB1C5}"
EndProject
Global
	GlobalSection(SolutionConfigurationPlatforms) = preSolution
		Debug|Any CPU = Debug|Any CPU
		Release|Any CPU = Release|Any CPU
	EndGlobalSection
	GlobalSection(ProjectConfigurationPlatforms) = postSolution
		{38C6EBD5-909F-42EA-BF9B-20FB52BE9A85}.Debug|Any CPU.ActiveCfg = Debug|Any CPU
		{38C6EBD5-909F-42EA-BF9B-20FB52BE9A85}.Debug|Any CPU.Build.0 = Debug|Any CPU
		{38C6EBD5-909F-42EA-BF9B-20FB52BE9A85}.Release|Any CPU.ActiveCfg = Release|Any CPU
		{38C6EBD5-909F-42EA-BF9B-20FB52BE9A85}.Release|Any CPU.Build.0 = Release|Any CPU
		{635CE470-6179-4B43-B62E-9F0397EF6D4F}.Debug|Any CPU.ActiveCfg = Debug|Any CPU
		{635CE470-6179-4B43-B62E-9F0397EF6D4F}.Debug|Any CPU.Build.0 = Debug|Any CPU
		{635CE470-6179-4B43-B62E-9F0397EF6D4F}.Release|Any CPU.ActiveCfg = Release|Any CPU
		{635CE470-6179-4B43-B62E-9F0397EF6D4F}.Release|Any CPU.Build.0 = Release|Any CPU
		{6E6757F7-E748-4C41-86E0-4AEABEAAB1C5}.Debug|Any CPU.ActiveCfg = Debug|Any CPU
		{6E6757F7-E748-4C41-86E0-4AEABEAAB1C5}.Debug|Any CPU.Build.0 = Debug|Any CPU
		{6E6757F7-E748-4C41-86E0-4AEABEAAB1C5}.Release|Any CPU.ActiveCfg = Release|Any CPU
		{6E6757F7-E748-4C41-86E0-4AEABEAAB1C5}.Release|Any CPU.Build.0 = Release|Any CPU
	EndGlobalSection
	GlobalSection(SolutionProperties) = preSolution
		HideSolutionNode = FALSE
	EndGlobalSection
	GlobalSection(ExtensibilityGlobals) = postSolution
		SolutionGuid = {A52C6555-0279-4ED2-AAD1-3E98FC44AB6C}
	EndGlobalSection
EndGlobal
