
Microsoft Visual Studio Solution File, Format Version 12.00
# Visual Studio Version 17
VisualStudioVersion = 17.6.33815.320
MinimumVisualStudioVersion = 10.0.40219.1
Project("{FAE04EC0-301F-11D3-BF4B-00C04F79EFBC}") = "Lab02", "Lab02.csproj", "{9BE5D4E9-D3A9-4954-ADB0-FC2189EC3AAF}"
EndProject
Global
	GlobalSection(SolutionConfigurationPlatforms) = preSolution
		Debug|Any CPU = Debug|Any CPU
		Release|Any CPU = Release|Any CPU
	EndGlobalSection
	GlobalSection(ProjectConfigurationPlatforms) = postSolution
		{9BE5D4E9-D3A9-4954-ADB0-FC2189EC3AAF}.Debug|Any CPU.ActiveCfg = Debug|Any CPU
		{9BE5D4E9-D3A9-4954-ADB0-FC2189EC3AAF}.Debug|Any CPU.Build.0 = Debug|Any CPU
		{9BE5D4E9-D3A9-4954-ADB0-FC2189EC3AAF}.Release|Any CPU.ActiveCfg = Release|Any CPU
		{9BE5D4E9-D3A9-4954-ADB0-FC2189EC3AAF}.Release|Any CPU.Build.0 = Release|Any CPU
	EndGlobalSection
	GlobalSection(SolutionProperties) = preSolution
		HideSolutionNode = FALSE
	EndGlobalSection
	GlobalSection(ExtensibilityGlobals) = postSolution
		SolutionGuid = {E3A41052-DB4C-49A0-8532-11A430B6460A}
	EndGlobalSection
EndGlobal
